// !$*UTF8*$!
{
	archiveVersion = 1;
	classes = {
	};
	objectVersion = 56;
	objects = {

/* Begin PBXBuildFile section */
		84B2DAEC2A9F1E9900A3508E /* AppDelegate.m in Sources */ = {isa = PBXBuildFile; fileRef = 84B2DAEB2A9F1E9900A3508E /* AppDelegate.m */; };
		84B2DAEF2A9F1E9900A3508E /* SceneDelegate.m in Sources */ = {isa = PBXBuildFile; fileRef = 84B2DAEE2A9F1E9900A3508E /* SceneDelegate.m */; };
		84B2DAF22A9F1E9900A3508E /* ViewController.m in Sources */ = {isa = PBXBuildFile; fileRef = 84B2DAF12A9F1E9900A3508E /* ViewController.m */; };
		84B2DAF52A9F1E9900A3508E /* Main.storyboard in Resources */ = {isa = PBXBuildFile; fileRef = 84B2DAF32A9F1E9900A3508E /* Main.storyboard */; };
		84B2DAF72A9F1E9D00A3508E /* Assets.xcassets in Resources */ = {isa = PBXBuildFile; fileRef = 84B2DAF62A9F1E9D00A3508E /* Assets.xcassets */; };
		84B2DAFA2A9F1E9D00A3508E /* LaunchScreen.storyboard in Resources */ = {isa = PBXBuildFile; fileRef = 84B2DAF82A9F1E9D00A3508E /* LaunchScreen.storyboard */; };
		84B2DAFD2A9F1E9D00A3508E /* main.m in Sources */ = {isa = PBXBuildFile; fileRef = 84B2DAFC2A9F1E9D00A3508E /* main.m */; };
		84B2DB052A9F2CF900A3508E /* todo_ViewController.m in Sources */ = {isa = PBXBuildFile; fileRef = 84B2DB042A9F2CF900A3508E /* todo_ViewController.m */; };
		84B2DB082A9F2D0C00A3508E /* in_progress_ViewController.m in Sources */ = {isa = PBXBuildFile; fileRef = 84B2DB072A9F2D0C00A3508E /* in_progress_ViewController.m */; };
		84B2DB0B2A9F2D1800A3508E /* done_ViewController.m in Sources */ = {isa = PBXBuildFile; fileRef = 84B2DB0A2A9F2D1800A3508E /* done_ViewController.m */; };
		84B2DB0E2A9F2F9300A3508E /* add_ViewController.m in Sources */ = {isa = PBXBuildFile; fileRef = 84B2DB0D2A9F2F9300A3508E /* add_ViewController.m */; };
		84B2DB112A9F2FAD00A3508E /* edit_ViewController.m in Sources */ = {isa = PBXBuildFile; fileRef = 84B2DB102A9F2FAD00A3508E /* edit_ViewController.m */; };
		84B2DB142A9F303000A3508E /* task.m in Sources */ = {isa = PBXBuildFile; fileRef = 84B2DB132A9F303000A3508E /* task.m */; };
/* End PBXBuildFile section */

/* Begin PBXFileReference section */
		84B2DAE72A9F1E9900A3508E /* ios_workshop.app */ = {isa = PBXFileReference; explicitFileType = wrapper.application; includeInIndex = 0; path = ios_workshop.app; sourceTree = BUILT_PRODUCTS_DIR; };
		84B2DAEA2A9F1E9900A3508E /* AppDelegate.h */ = {isa = PBXFileReference; lastKnownFileType = sourcecode.c.h; path = AppDelegate.h; sourceTree = "<group>"; };
		84B2DAEB2A9F1E9900A3508E /* AppDelegate.m */ = {isa = PBXFileReference; lastKnownFileType = sourcecode.c.objc; path = AppDelegate.m; sourceTree = "<group>"; };
		84B2DAED2A9F1E9900A3508E /* SceneDelegate.h */ = {isa = PBXFileReference; lastKnownFileType = sourcecode.c.h; path = SceneDelegate.h; sourceTree = "<group>"; };
		84B2DAEE2A9F1E9900A3508E /* SceneDelegate.m */ = {isa = PBXFileReference; lastKnownFileType = sourcecode.c.objc; path = SceneDelegate.m; sourceTree = "<group>"; };
		84B2DAF02A9F1E9900A3508E /* ViewController.h */ = {isa = PBXFileReference; lastKnownFileType = sourcecode.c.h; path = ViewController.h; sourceTree = "<group>"; };
		84B2DAF12A9F1E9900A3508E /* ViewController.m */ = {isa = PBXFileReference; lastKnownFileType = sourcecode.c.objc; path = ViewController.m; sourceTree = "<group>"; };
		84B2DAF42A9F1E9900A3508E /* Base */ = {isa = PBXFileReference; lastKnownFileType = file.storyboard; name = Base; path = Base.lproj/Main.storyboard; sourceTree = "<group>"; };
		84B2DAF62A9F1E9D00A3508E /* Assets.xcassets */ = {isa = PBXFileReference; lastKnownFileType = folder.assetcatalog; path = Assets.xcassets; sourceTree = "<group>"; };
		84B2DAF92A9F1E9D00A3508E /* Base */ = {isa = PBXFileReference; lastKnownFileType = file.storyboard; name = Base; path = Base.lproj/LaunchScreen.storyboard; sourceTree = "<group>"; };
		84B2DAFB2A9F1E9D00A3508E /* Info.plist */ = {isa = PBXFileReference; lastKnownFileType = text.plist.xml; path = Info.plist; sourceTree = "<group>"; };
		84B2DAFC2A9F1E9D00A3508E /* main.m */ = {isa = PBXFileReference; lastKnownFileType = sourcecode.c.objc; path = main.m; sourceTree = "<group>"; };
		84B2DB032A9F2CF900A3508E /* todo_ViewController.h */ = {isa = PBXFileReference; lastKnownFileType = sourcecode.c.h; path = todo_ViewController.h; sourceTree = "<group>"; };
		84B2DB042A9F2CF900A3508E /* todo_ViewController.m */ = {isa = PBXFileReference; lastKnownFileType = sourcecode.c.objc; path = todo_ViewController.m; sourceTree = "<group>"; };
		84B2DB062A9F2D0C00A3508E /* in_progress_ViewController.h */ = {isa = PBXFileReference; lastKnownFileType = sourcecode.c.h; path = in_progress_ViewController.h; sourceTree = "<group>"; };
		84B2DB072A9F2D0C00A3508E /* in_progress_ViewController.m */ = {isa = PBXFileReference; lastKnownFileType = sourcecode.c.objc; path = in_progress_ViewController.m; sourceTree = "<group>"; };
		84B2DB092A9F2D1800A3508E /* done_ViewController.h */ = {isa = PBXFileReference; lastKnownFileType = sourcecode.c.h; path = done_ViewController.h; sourceTree = "<group>"; };
		84B2DB0A2A9F2D1800A3508E /* done_ViewController.m */ = {isa = PBXFileReference; lastKnownFileType = sourcecode.c.objc; path = done_ViewController.m; sourceTree = "<group>"; };
		84B2DB0C2A9F2F9300A3508E /* add_ViewController.h */ = {isa = PBXFileReference; lastKnownFileType = sourcecode.c.h; path = add_ViewController.h; sourceTree = "<group>"; };
		84B2DB0D2A9F2F9300A3508E /* add_ViewController.m */ = {isa = PBXFileReference; lastKnownFileType = sourcecode.c.objc; path = add_ViewController.m; sourceTree = "<group>"; };
		84B2DB0F2A9F2FAD00A3508E /* edit_ViewController.h */ = {isa = PBXFileReference; lastKnownFileType = sourcecode.c.h; path = edit_ViewController.h; sourceTree = "<group>"; };
		84B2DB102A9F2FAD00A3508E /* edit_ViewController.m */ = {isa = PBXFileReference; lastKnownFileType = sourcecode.c.objc; path = edit_ViewController.m; sourceTree = "<group>"; };
		84B2DB122A9F303000A3508E /* task.h */ = {isa = PBXFileReference; lastKnownFileType = sourcecode.c.h; path = task.h; sourceTree = "<group>"; };
		84B2DB132A9F303000A3508E /* task.m */ = {isa = PBXFileReference; lastKnownFileType = sourcecode.c.objc; path = task.m; sourceTree = "<group>"; };
/* End PBXFileReference section */

/* Begin PBXFrameworksBuildPhase section */
		84B2DAE42A9F1E9900A3508E /* Frameworks */ = {
			isa = PBXFrameworksBuildPhase;
			buildActionMask = 2147483647;
			files = (
			);
			runOnlyForDeploymentPostprocessing = 0;
		};
/* End PBXFrameworksBuildPhase section */

/* Begin PBXGroup section */
		84B2DADE2A9F1E9800A3508E = {
			isa = PBXGroup;
			children = (
				84B2DAE92A9F1E9900A3508E /* ios_workshop */,
				84B2DAE82A9F1E9900A3508E /* Products */,
			);
			sourceTree = "<group>";
		};
		84B2DAE82A9F1E9900A3508E /* Products */ = {
			isa = PBXGroup;
			children = (
				84B2DAE72A9F1E9900A3508E /* ios_workshop.app */,
			);
			name = Products;
			sourceTree = "<group>";
		};
		84B2DAE92A9F1E9900A3508E /* ios_workshop */ = {
			isa = PBXGroup;
			children = (
				84B2DAEA2A9F1E9900A3508E /* AppDelegate.h */,
				84B2DAEB2A9F1E9900A3508E /* AppDelegate.m */,
				84B2DAED2A9F1E9900A3508E /* SceneDelegate.h */,
				84B2DAEE2A9F1E9900A3508E /* SceneDelegate.m */,
				84B2DAF02A9F1E9900A3508E /* ViewController.h */,
				84B2DAF12A9F1E9900A3508E /* ViewController.m */,
				84B2DAF32A9F1E9900A3508E /* Main.storyboard */,
				84B2DAF62A9F1E9D00A3508E /* Assets.xcassets */,
				84B2DAF82A9F1E9D00A3508E /* LaunchScreen.storyboard */,
				84B2DAFB2A9F1E9D00A3508E /* Info.plist */,
				84B2DAFC2A9F1E9D00A3508E /* main.m */,
				84B2DB032A9F2CF900A3508E /* todo_ViewController.h */,
				84B2DB042A9F2CF900A3508E /* todo_ViewController.m */,
				84B2DB062A9F2D0C00A3508E /* in_progress_ViewController.h */,
				84B2DB072A9F2D0C00A3508E /* in_progress_ViewController.m */,
				84B2DB092A9F2D1800A3508E /* done_ViewController.h */,
				84B2DB0A2A9F2D1800A3508E /* done_ViewController.m */,
				84B2DB0C2A9F2F9300A3508E /* add_ViewController.h */,
				84B2DB0D2A9F2F9300A3508E /* add_ViewController.m */,
				84B2DB0F2A9F2FAD00A3508E /* edit_ViewController.h */,
				84B2DB102A9F2FAD00A3508E /* edit_ViewController.m */,
				84B2DB122A9F303000A3508E /* task.h */,
				84B2DB132A9F303000A3508E /* task.m */,
			);
			path = ios_workshop;
			sourceTree = "<group>";
		};
/* End PBXGroup section */

/* Begin PBXNativeTarget section */
		84B2DAE62A9F1E9900A3508E /* ios_workshop */ = {
			isa = PBXNativeTarget;
			buildConfigurationList = 84B2DB002A9F1E9D00A3508E /* Build configuration list for PBXNativeTarget "ios_workshop" */;
			buildPhases = (
				84B2DAE32A9F1E9900A3508E /* Sources */,
				84B2DAE42A9F1E9900A3508E /* Frameworks */,
				84B2DAE52A9F1E9900A3508E /* Resources */,
			);
			buildRules = (
			);
			dependencies = (
			);
			name = ios_workshop;
			productName = ios_workshop;
			productReference = 84B2DAE72A9F1E9900A3508E /* ios_workshop.app */;
			productType = "com.apple.product-type.application";
		};
/* End PBXNativeTarget section */

/* Begin PBXProject section */
		84B2DADF2A9F1E9800A3508E /* Project object */ = {
			isa = PBXProject;
			attributes = {
				BuildIndependentTargetsInParallel = 1;
				LastUpgradeCheck = 1420;
				TargetAttributes = {
					84B2DAE62A9F1E9900A3508E = {
						CreatedOnToolsVersion = 14.2;
					};
				};
			};
			buildConfigurationList = 84B2DAE22A9F1E9800A3508E /* Build configuration list for PBXProject "ios_workshop" */;
			compatibilityVersion = "Xcode 14.0";
			developmentRegion = en;
			hasScannedForEncodings = 0;
			knownRegions = (
				en,
				Base,
			);
			mainGroup = 84B2DADE2A9F1E9800A3508E;
			productRefGroup = 84B2DAE82A9F1E9900A3508E /* Products */;
			projectDirPath = "";
			projectRoot = "";
			targets = (
				84B2DAE62A9F1E9900A3508E /* ios_workshop */,
			);
		};
/* End PBXProject section */

/* Begin PBXResourcesBuildPhase section */
		84B2DAE52A9F1E9900A3508E /* Resources */ = {
			isa = PBXResourcesBuildPhase;
			buildActionMask = 2147483647;
			files = (
				84B2DAFA2A9F1E9D00A3508E /* LaunchScreen.storyboard in Resources */,
				84B2DAF72A9F1E9D00A3508E /* Assets.xcassets in Resources */,
				84B2DAF52A9F1E9900A3508E /* Main.storyboard in Resources */,
			);
			runOnlyForDeploymentPostprocessing = 0;
		};
/* End PBXResourcesBuildPhase section */

/* Begin PBXSourcesBuildPhase section */
		84B2DAE32A9F1E9900A3508E /* Sources */ = {
			isa = PBXSourcesBuildPhase;
			buildActionMask = 2147483647;
			files = (
				84B2DB142A9F303000A3508E /* task.m in Sources */,
				84B2DB082A9F2D0C00A3508E /* in_progress_ViewController.m in Sources */,
				84B2DAF22A9F1E9900A3508E /* ViewController.m in Sources */,
				84B2DAEC2A9F1E9900A3508E /* AppDelegate.m in Sources */,
				84B2DAFD2A9F1E9D00A3508E /* main.m in Sources */,
				84B2DAEF2A9F1E9900A3508E /* SceneDelegate.m in Sources */,
				84B2DB0B2A9F2D1800A3508E /* done_ViewController.m in Sources */,
				84B2DB112A9F2FAD00A3508E /* edit_ViewController.m in Sources */,
				84B2DB0E2A9F2F9300A3508E /* add_ViewController.m in Sources */,
				84B2DB052A9F2CF900A3508E /* todo_ViewController.m in Sources */,
			);
			runOnlyForDeploymentPostprocessing = 0;
		};
/* End PBXSourcesBuildPhase section */

/* Begin PBXVariantGroup section */
		84B2DAF32A9F1E9900A3508E /* Main.storyboard */ = {
			isa = PBXVariantGroup;
			children = (
				84B2DAF42A9F1E9900A3508E /* Base */,
			);
			name = Main.storyboard;
			sourceTree = "<group>";
		};
		84B2DAF82A9F1E9D00A3508E /* LaunchScreen.storyboard */ = {
			isa = PBXVariantGroup;
			children = (
				84B2DAF92A9F1E9D00A3508E /* Base */,
			);
			name = LaunchScreen.storyboard;
			sourceTree = "<group>";
		};
/* End PBXVariantGroup section */

/* Begin XCBuildConfiguration section */
		84B2DAFE2A9F1E9D00A3508E /* Debug */ = {
			isa = XCBuildConfiguration;
			buildSettings = {
				ALWAYS_SEARCH_USER_PATHS = NO;
				CLANG_ANALYZER_NONNULL = YES;
				CLANG_ANALYZER_NUMBER_OBJECT_CONVERSION = YES_AGGRESSIVE;
				CLANG_CXX_LANGUAGE_STANDARD = "gnu++20";
				CLANG_ENABLE_MODULES = YES;
				CLANG_ENABLE_OBJC_ARC = YES;
				CLANG_ENABLE_OBJC_WEAK = YES;
				CLANG_WARN_BLOCK_CAPTURE_AUTORELEASING = YES;
				CLANG_WARN_BOOL_CONVERSION = YES;
				CLANG_WARN_COMMA = YES;
				CLANG_WARN_CONSTANT_CONVERSION = YES;
				CLANG_WARN_DEPRECATED_OBJC_IMPLEMENTATIONS = YES;
				CLANG_WARN_DIRECT_OBJC_ISA_USAGE = YES_ERROR;
				CLANG_WARN_DOCUMENTATION_COMMENTS = YES;
				CLANG_WARN_EMPTY_BODY = YES;
				CLANG_WARN_ENUM_CONVERSION = YES;
				CLANG_WARN_INFINITE_RECURSION = YES;
				CLANG_WARN_INT_CONVERSION = YES;
				CLANG_WARN_NON_LITERAL_NULL_CONVERSION = YES;
				CLANG_WARN_OBJC_IMPLICIT_RETAIN_SELF = YES;
				CLANG_WARN_OBJC_LITERAL_CONVERSION = YES;
				CLANG_WARN_OBJC_ROOT_CLASS = YES_ERROR;
				CLANG_WARN_QUOTED_INCLUDE_IN_FRAMEWORK_HEADER = YES;
				CLANG_WARN_RANGE_LOOP_ANALYSIS = YES;
				CLANG_WARN_STRICT_PROTOTYPES = YES;
				CLANG_WARN_SUSPICIOUS_MOVE = YES;
				CLANG_WARN_UNGUARDED_AVAILABILITY = YES_AGGRESSIVE;
				CLANG_WARN_UNREACHABLE_CODE = YES;
				CLANG_WARN__DUPLICATE_METHOD_MATCH = YES;
				COPY_PHASE_STRIP = NO;
				DEBUG_INFORMATION_FORMAT = dwarf;
				ENABLE_STRICT_OBJC_MSGSEND = YES;
				ENABLE_TESTABILITY = YES;
				GCC_C_LANGUAGE_STANDARD = gnu11;
				GCC_DYNAMIC_NO_PIC = NO;
				GCC_NO_COMMON_BLOCKS = YES;
				GCC_OPTIMIZATION_LEVEL = 0;
				GCC_PREPROCESSOR_DEFINITIONS = (
					"DEBUG=1",
					"$(inherited)",
				);
				GCC_WARN_64_TO_32_BIT_CONVERSION = YES;
				GCC_WARN_ABOUT_RETURN_TYPE = YES_ERROR;
				GCC_WARN_UNDECLARED_SELECTOR = YES;
				GCC_WARN_UNINITIALIZED_AUTOS = YES_AGGRESSIVE;
				GCC_WARN_UNUSED_FUNCTION = YES;
				GCC_WARN_UNUSED_VARIABLE = YES;
				IPHONEOS_DEPLOYMENT_TARGET = 16.2;
				MTL_ENABLE_DEBUG_INFO = INCLUDE_SOURCE;
				MTL_FAST_MATH = YES;
				ONLY_ACTIVE_ARCH = YES;
				SDKROOT = iphoneos;
			};
			name = Debug;
		};
		84B2DAFF2A9F1E9D00A3508E /* Release */ = {
			isa = XCBuildConfiguration;
			buildSettings = {
				ALWAYS_SEARCH_USER_PATHS = NO;
				CLANG_ANALYZER_NONNULL = YES;
				CLANG_ANALYZER_NUMBER_OBJECT_CONVERSION = YES_AGGRESSIVE;
				CLANG_CXX_LANGUAGE_STANDARD = "gnu++20";
				CLANG_ENABLE_MODULES = YES;
				CLANG_ENABLE_OBJC_ARC = YES;
				CLANG_ENABLE_OBJC_WEAK = YES;
				CLANG_WARN_BLOCK_CAPTURE_AUTORELEASING = YES;
				CLANG_WARN_BOOL_CONVERSION = YES;
				CLANG_WARN_COMMA = YES;
				CLANG_WARN_CONSTANT_CONVERSION = YES;
				CLANG_WARN_DEPRECATED_OBJC_IMPLEMENTATIONS = YES;
				CLANG_WARN_DIRECT_OBJC_ISA_USAGE = YES_ERROR;
				CLANG_WARN_DOCUMENTATION_COMMENTS = YES;
				CLANG_WARN_EMPTY_BODY = YES;
				CLANG_WARN_ENUM_CONVERSION = YES;
				CLANG_WARN_INFINITE_RECURSION = YES;
				CLANG_WARN_INT_CONVERSION = YES;
				CLANG_WARN_NON_LITERAL_NULL_CONVERSION = YES;
				CLANG_WARN_OBJC_IMPLICIT_RETAIN_SELF = YES;
				CLANG_WARN_OBJC_LITERAL_CONVERSION = YES;
				CLANG_WARN_OBJC_ROOT_CLASS = YES_ERROR;
				CLANG_WARN_QUOTED_INCLUDE_IN_FRAMEWORK_HEADER = YES;
				CLANG_WARN_RANGE_LOOP_ANALYSIS = YES;
				CLANG_WARN_STRICT_PROTOTYPES = YES;
				CLANG_WARN_SUSPICIOUS_MOVE = YES;
				CLANG_WARN_UNGUARDED_AVAILABILITY = YES_AGGRESSIVE;
				CLANG_WARN_UNREACHABLE_CODE = YES;
				CLANG_WARN__DUPLICATE_METHOD_MATCH = YES;
				COPY_PHASE_STRIP = NO;
				DEBUG_INFORMATION_FORMAT = "dwarf-with-dsym";
				ENABLE_NS_ASSERTIONS = NO;
				ENABLE_STRICT_OBJC_MSGSEND = YES;
				GCC_C_LANGUAGE_STANDARD = gnu11;
				GCC_NO_COMMON_BLOCKS = YES;
				GCC_WARN_64_TO_32_BIT_CONVERSION = YES;
				GCC_WARN_ABOUT_RETURN_TYPE = YES_ERROR;
				GCC_WARN_UNDECLARED_SELECTOR = YES;
				GCC_WARN_UNINITIALIZED_AUTOS = YES_AGGRESSIVE;
				GCC_WARN_UNUSED_FUNCTION = YES;
				GCC_WARN_UNUSED_VARIABLE = YES;
				IPHONEOS_DEPLOYMENT_TARGET = 16.2;
				MTL_ENABLE_DEBUG_INFO = NO;
				MTL_FAST_MATH = YES;
				SDKROOT = iphoneos;
				VALIDATE_PRODUCT = YES;
			};
			name = Release;
		};
		84B2DB012A9F1E9D00A3508E /* Debug */ = {
			isa = XCBuildConfiguration;
			buildSettings = {
				ASSETCATALOG_COMPILER_APPICON_NAME = AppIcon;
				ASSETCATALOG_COMPILER_GLOBAL_ACCENT_COLOR_NAME = AccentColor;
				CODE_SIGN_STYLE = Automatic;
				CURRENT_PROJECT_VERSION = 1;
				GENERATE_INFOPLIST_FILE = YES;
				INFOPLIST_FILE = ios_workshop/Info.plist;
				INFOPLIST_KEY_UIApplicationSupportsIndirectInputEvents = YES;
				INFOPLIST_KEY_UILaunchStoryboardName = LaunchScreen;
				INFOPLIST_KEY_UIMainStoryboardFile = Main;
				INFOPLIST_KEY_UISupportedInterfaceOrientations_iPad = "UIInterfaceOrientationPortrait UIInterfaceOrientationPortraitUpsideDown UIInterfaceOrientationLandscapeLeft UIInterfaceOrientationLandscapeRight";
				INFOPLIST_KEY_UISupportedInterfaceOrientations_iPhone = "UIInterfaceOrientationPortrait UIInterfaceOrientationLandscapeLeft UIInterfaceOrientationLandscapeRight";
				LD_RUNPATH_SEARCH_PATHS = (
					"$(inherited)",
					"@executable_path/Frameworks",
				);
				MARKETING_VERSION = 1.0;
				PRODUCT_BUNDLE_IDENTIFIER = "yk.ios-workshop";
				PRODUCT_NAME = "$(TARGET_NAME)";
				SWIFT_EMIT_LOC_STRINGS = YES;
				TARGETED_DEVICE_FAMILY = "1,2";
			};
			name = Debug;
		};
		84B2DB022A9F1E9D00A3508E /* Release */ = {
			isa = XCBuildConfiguration;
			buildSettings = {
				ASSETCATALOG_COMPILER_APPICON_NAME = AppIcon;
				ASSETCATALOG_COMPILER_GLOBAL_ACCENT_COLOR_NAME = AccentColor;
				CODE_SIGN_STYLE = Automatic;
				CURRENT_PROJECT_VERSION = 1;
				GENERATE_INFOPLIST_FILE = YES;
				INFOPLIST_FILE = ios_workshop/Info.plist;
				INFOPLIST_KEY_UIApplicationSupportsIndirectInputEvents = YES;
				INFOPLIST_KEY_UILaunchStoryboardName = LaunchScreen;
				INFOPLIST_KEY_UIMainStoryboardFile = Main;
				INFOPLIST_KEY_UISupportedInterfaceOrientations_iPad = "UIInterfaceOrientationPortrait UIInterfaceOrientationPortraitUpsideDown UIInterfaceOrientationLandscapeLeft UIInterfaceOrientationLandscapeRight";
				INFOPLIST_KEY_UISupportedInterfaceOrientations_iPhone = "UIInterfaceOrientationPortrait UIInterfaceOrientationLandscapeLeft UIInterfaceOrientationLandscapeRight";
				LD_RUNPATH_SEARCH_PATHS = (
					"$(inherited)",
					"@executable_path/Frameworks",
				);
				MARKETING_VERSION = 1.0;
				PRODUCT_BUNDLE_IDENTIFIER = "yk.ios-workshop";
				PRODUCT_NAME = "$(TARGET_NAME)";
				SWIFT_EMIT_LOC_STRINGS = YES;
				TARGETED_DEVICE_FAMILY = "1,2";
			};
			name = Release;
		};
/* End XCBuildConfiguration section */

/* Begin XCConfigurationList section */
		84B2DAE22A9F1E9800A3508E /* Build configuration list for PBXProject "ios_workshop" */ = {
			isa = XCConfigurationList;
			buildConfigurations = (
				84B2DAFE2A9F1E9D00A3508E /* Debug */,
				84B2DAFF2A9F1E9D00A3508E /* Release */,
			);
			defaultConfigurationIsVisible = 0;
			defaultConfigurationName = Release;
		};
		84B2DB002A9F1E9D00A3508E /* Build configuration list for PBXNativeTarget "ios_workshop" */ = {
			isa = XCConfigurationList;
			buildConfigurations = (
				84B2DB012A9F1E9D00A3508E /* Debug */,
				84B2DB022A9F1E9D00A3508E /* Release */,
			);
			defaultConfigurationIsVisible = 0;
			defaultConfigurationName = Release;
		};
/* End XCConfigurationList section */
	};
	rootObject = 84B2DADF2A9F1E9800A3508E /* Project object */;
}
